{
  "originHash" : "aae5b210562db3ec1bba71a15e1e9493ee5cc9fd0fa615b2c956a71861f54100",
  "pins" : [
    {
      "identity" : "atresolve",
      "kind" : "remoteSourceControl",
      "location" : "https://github.com/germ-network/ATResolve",
      "state" : {
        "revision" : "26459d9d6e7deb27066b9d7d2931279acc107138",
        "version" : "1.0.0-germ.2"
      }
    },
    {
      "identity" : "autonomous-comm-protocol",
      "kind" : "remoteSourceControl",
      "location" : "https://github.com/germ-network/autonomous-comm-protocol.git",
      "state" : {
        "revision" : "295a73d20310c82ca84e46c4dde8af1d49b5a3d8",
        "version" : "1.1.10"
      }
    },
    {
      "identity" : "jwt-kit",
      "kind" : "remoteSourceControl",
      "location" : "https://github.com/vapor/jwt-kit.git",
      "state" : {
        "revision" : "b5f82fb9dc238f2fcac53d721a222513a152613c",
        "version" : "5.3.0"
      }
    },
    {
      "identity" : "oauthenticator",
      "kind" : "remoteSourceControl",
      "location" : "https://github.com/germ-network/OAuthenticator",
      "state" : {
        "revision" : "4a5cc698c95d94469e586a14b9a84ec80ae4fd73",
        "version" : "0.7.2-germ.2"
      }
    },
    {
      "identity" : "swift-asn1",
      "kind" : "remoteSourceControl",
      "location" : "https://github.com/apple/swift-asn1.git",
      "state" : {
        "revision" : "810496cf121e525d660cd0ea89a758740476b85f",
        "version" : "1.5.1"
      }
    },
    {
      "identity" : "swift-async-dns-resolver",
      "kind" : "remoteSourceControl",
      "location" : "https://github.com/apple/swift-async-dns-resolver.git",
      "state" : {
        "revision" : "2836c57c4c7c784569331cc35a4fe18941f6c796",
        "version" : "0.5.0"
      }
    },
    {
      "identity" : "swift-certificates",
      "kind" : "remoteSourceControl",
      "location" : "https://github.com/apple/swift-certificates.git",
      "state" : {
        "revision" : "24ccdeeeed4dfaae7955fcac9dbf5489ed4f1a25",
        "version" : "1.18.0"
      }
    },
    {
      "identity" : "swift-crypto",
      "kind" : "remoteSourceControl",
      "location" : "https://github.com/apple/swift-crypto.git",
      "state" : {
        "revision" : "6f70fa9eab24c1fd982af18c281c4525d05e3095",
        "version" : "4.2.0"
      }
    },
    {
      "identity" : "swift-log",
      "kind" : "remoteSourceControl",
      "location" : "https://github.com/apple/swift-log.git",
      "state" : {
        "revision" : "bbd81b6725ae874c69e9b8c8804d462356b55523",
        "version" : "1.10.1"
      }
    }
  ],
  "version" : 3
}
