{
  "originHash" : "1c4d0d22e70e6936c38b4d1a79e2b43464a255d28da63ebd77b500a5cc31ae29",
  "pins" : [
    {
      "identity" : "atresolve",
      "kind" : "remoteSourceControl",
      "location" : "https://github.com/germ-network/ATResolve",
      "state" : {
        "revision" : "26459d9d6e7deb27066b9d7d2931279acc107138",
        "version" : "1.0.0-germ.2"
      }
    },
    {
      "identity" : "autonomous-comm-protocol",
      "kind" : "remoteSourceControl",
      "location" : "https://github.com/germ-network/autonomous-comm-protocol.git",
      "state" : {
        "revision" : "f939a2ff62b065dfd792dc9f11b75f2ddfa4adf1",
        "version" : "1.1.9"
      }
    },
    {
      "identity" : "jwt-kit",
      "kind" : "remoteSourceControl",
      "location" : "https://github.com/vapor/jwt-kit.git",
      "state" : {
        "revision" : "b5f82fb9dc238f2fcac53d721a222513a152613c",
        "version" : "5.3.0"
      }
    },
    {
      "identity" : "oauthenticator",
      "kind" : "remoteSourceControl",
      "location" : "https://github.com/germ-network/OAuthenticator",
      "state" : {
        "branch" : "anna/return-sub",
        "revision" : "0581ae2575dc5ba77f4106ac112fa9b3a3e301f7"
      }
    },
    {
      "identity" : "swift-asn1",
      "kind" : "remoteSourceControl",
      "location" : "https://github.com/apple/swift-asn1.git",
      "state" : {
        "revision" : "810496cf121e525d660cd0ea89a758740476b85f",
        "version" : "1.5.1"
      }
    },
    {
      "identity" : "swift-async-dns-resolver",
      "kind" : "remoteSourceControl",
      "location" : "https://github.com/apple/swift-async-dns-resolver.git",
      "state" : {
        "revision" : "2836c57c4c7c784569331cc35a4fe18941f6c796",
        "version" : "0.5.0"
      }
    },
    {
      "identity" : "swift-certificates",
      "kind" : "remoteSourceControl",
      "location" : "https://github.com/apple/swift-certificates.git",
      "state" : {
        "revision" : "7d5f6124c91a2d06fb63a811695a3400d15a100e",
        "version" : "1.17.1"
      }
    },
    {
      "identity" : "swift-crypto",
      "kind" : "remoteSourceControl",
      "location" : "https://github.com/apple/swift-crypto.git",
      "state" : {
        "revision" : "6f70fa9eab24c1fd982af18c281c4525d05e3095",
        "version" : "4.2.0"
      }
    },
    {
      "identity" : "swift-log",
      "kind" : "remoteSourceControl",
      "location" : "https://github.com/apple/swift-log.git",
      "state" : {
        "revision" : "7ee16e465622412764b0ff0c1301801dc71b8f61",
        "version" : "1.9.0"
      }
    }
  ],
  "version" : 3
}
