{
  "originHash" : "7698967d6bb59aa11fc8c62e14e7ce4d7524dfcb07fc7f038bb56a437f1e829f",
  "pins" : [
    {
      "identity" : "atresolve",
      "kind" : "remoteSourceControl",
      "location" : "https://github.com/germ-network/ATResolve",
      "state" : {
        "revision" : "26459d9d6e7deb27066b9d7d2931279acc107138",
        "version" : "1.0.0-germ.2"
      }
    },
    {
      "identity" : "autonomous-comm-protocol",
      "kind" : "remoteSourceControl",
      "location" : "https://github.com/germ-network/autonomous-comm-protocol.git",
      "state" : {
        "revision" : "295a73d20310c82ca84e46c4dde8af1d49b5a3d8",
        "version" : "1.1.10"
      }
    },
    {
      "identity" : "oauthenticator",
      "kind" : "remoteSourceControl",
      "location" : "https://github.com/germ-network/OAuthenticator",
      "state" : {
        "revision" : "f657aa04cb6241c0811052264f345046f6938274",
        "version" : "0.7.2-germ.1"
      }
    },
    {
      "identity" : "swift-async-dns-resolver",
      "kind" : "remoteSourceControl",
      "location" : "https://github.com/apple/swift-async-dns-resolver.git",
      "state" : {
        "revision" : "2836c57c4c7c784569331cc35a4fe18941f6c796",
        "version" : "0.5.0"
      }
    }
  ],
  "version" : 3
}
